
Microsoft Visual Studio Solution File, Format Version 11.00
# Visual Studio 2010
Project("{FAE04EC0-301F-11D3-BF4B-00C04F79EFBC}") = "Assembly-CSharp-firstpass", "Assembly-CSharp-firstpass.csproj", "{28614462-309F-C741-BE7E-CEF0B2F752E4}"
EndProject
Project("{FAE04EC0-301F-11D3-BF4B-00C04F79EFBC}") = "Assembly-CSharp", "Assembly-CSharp.csproj", "{89AA3DCC-3AC2-C359-D929-1972CC531158}"
EndProject
Project("{FAE04EC0-301F-11D3-BF4B-00C04F79EFBC}") = "Assembly-CSharp-Editor-firstpass", "Assembly-CSharp-Editor-firstpass.csproj", "{6057B7B4-D963-FCCF-01FA-BA4972BA742C}"
EndProject
Global
	GlobalSection(SolutionConfigurationPlatforms) = preSolution
		Debug|Any CPU = Debug|Any CPU
		Release|Any CPU = Release|Any CPU
	EndGlobalSection
	GlobalSection(ProjectConfigurationPlatforms) = postSolution
		{28614462-309F-C741-BE7E-CEF0B2F752E4}.Debug|Any CPU.ActiveCfg = Debug|Any CPU
		{28614462-309F-C741-BE7E-CEF0B2F752E4}.Debug|Any CPU.Build.0 = Debug|Any CPU
		{28614462-309F-C741-BE7E-CEF0B2F752E4}.Release|Any CPU.ActiveCfg = Release|Any CPU
		{28614462-309F-C741-BE7E-CEF0B2F752E4}.Release|Any CPU.Build.0 = Release|Any CPU
		{89AA3DCC-3AC2-C359-D929-1972CC531158}.Debug|Any CPU.ActiveCfg = Debug|Any CPU
		{89AA3DCC-3AC2-C359-D929-1972CC531158}.Debug|Any CPU.Build.0 = Debug|Any CPU
		{89AA3DCC-3AC2-C359-D929-1972CC531158}.Release|Any CPU.ActiveCfg = Release|Any CPU
		{89AA3DCC-3AC2-C359-D929-1972CC531158}.Release|Any CPU.Build.0 = Release|Any CPU
		{6057B7B4-D963-FCCF-01FA-BA4972BA742C}.Debug|Any CPU.ActiveCfg = Debug|Any CPU
		{6057B7B4-D963-FCCF-01FA-BA4972BA742C}.Debug|Any CPU.Build.0 = Debug|Any CPU
		{6057B7B4-D963-FCCF-01FA-BA4972BA742C}.Release|Any CPU.ActiveCfg = Release|Any CPU
		{6057B7B4-D963-FCCF-01FA-BA4972BA742C}.Release|Any CPU.Build.0 = Release|Any CPU
	EndGlobalSection
	GlobalSection(SolutionProperties) = preSolution
		HideSolutionNode = FALSE
	EndGlobalSection
EndGlobal
